
Microsoft Visual Studio Solution File, Format Version 12.00
# Visual Studio 14
VisualStudioVersion = 14.0.25123.0
MinimumVisualStudioVersion = 10.0.40219.1
Project("{8BC9CEB8-8B4A-11D0-8D11-00A0C91BC942}") = "NatsuLib", "NatsuLib\NatsuLib.vcxproj", "{E4F66019-9964-4B86-B538-E10F66124689}"
	ProjectSection(ProjectDependencies) = postProject
		{0BFBD1A8-5638-4B35-BA03-8DB47F921B9B} = {0BFBD1A8-5638-4B35-BA03-8DB47F921B9B}
	EndProjectSection
EndProject
Project("{2150E333-8FDC-42A3-9474-1A3956D46DE8}") = "Extern", "Extern", "{FACBEAE4-6DA0-4740-AA8B-93A16AC50459}"
EndProject
Project("{8BC9CEB8-8B4A-11D0-8D11-00A0C91BC942}") = "zlib", "NatsuLib\extern\zlib\zlib.vcxproj", "{0BFBD1A8-5638-4B35-BA03-8DB47F921B9B}"
EndProject
Project("{8BC9CEB8-8B4A-11D0-8D11-00A0C91BC942}") = "Test", "Test\Test.vcxproj", "{A88FC8F5-E8C1-4C52-85A7-A501F159009B}"
	ProjectSection(ProjectDependencies) = postProject
		{E4F66019-9964-4B86-B538-E10F66124689} = {E4F66019-9964-4B86-B538-E10F66124689}
	EndProjectSection
EndProject
Global
	GlobalSection(SolutionConfigurationPlatforms) = preSolution
		Debug|x64 = Debug|x64
		Debug|x86 = Debug|x86
		Release|x64 = Release|x64
		Release|x86 = Release|x86
	EndGlobalSection
	GlobalSection(ProjectConfigurationPlatforms) = postSolution
		{E4F66019-9964-4B86-B538-E10F66124689}.Debug|x64.ActiveCfg = Debug|x64
		{E4F66019-9964-4B86-B538-E10F66124689}.Debug|x64.Build.0 = Debug|x64
		{E4F66019-9964-4B86-B538-E10F66124689}.Debug|x86.ActiveCfg = Debug|Win32
		{E4F66019-9964-4B86-B538-E10F66124689}.Debug|x86.Build.0 = Debug|Win32
		{E4F66019-9964-4B86-B538-E10F66124689}.Release|x64.ActiveCfg = Release|x64
		{E4F66019-9964-4B86-B538-E10F66124689}.Release|x64.Build.0 = Release|x64
		{E4F66019-9964-4B86-B538-E10F66124689}.Release|x86.ActiveCfg = Release|Win32
		{E4F66019-9964-4B86-B538-E10F66124689}.Release|x86.Build.0 = Release|Win32
		{0BFBD1A8-5638-4B35-BA03-8DB47F921B9B}.Debug|x64.ActiveCfg = Debug|x64
		{0BFBD1A8-5638-4B35-BA03-8DB47F921B9B}.Debug|x64.Build.0 = Debug|x64
		{0BFBD1A8-5638-4B35-BA03-8DB47F921B9B}.Debug|x86.ActiveCfg = Debug|Win32
		{0BFBD1A8-5638-4B35-BA03-8DB47F921B9B}.Debug|x86.Build.0 = Debug|Win32
		{0BFBD1A8-5638-4B35-BA03-8DB47F921B9B}.Release|x64.ActiveCfg = Release|x64
		{0BFBD1A8-5638-4B35-BA03-8DB47F921B9B}.Release|x64.Build.0 = Release|x64
		{0BFBD1A8-5638-4B35-BA03-8DB47F921B9B}.Release|x86.ActiveCfg = Release|Win32
		{0BFBD1A8-5638-4B35-BA03-8DB47F921B9B}.Release|x86.Build.0 = Release|Win32
		{A88FC8F5-E8C1-4C52-85A7-A501F159009B}.Debug|x64.ActiveCfg = Debug|x64
		{A88FC8F5-E8C1-4C52-85A7-A501F159009B}.Debug|x64.Build.0 = Debug|x64
		{A88FC8F5-E8C1-4C52-85A7-A501F159009B}.Debug|x86.ActiveCfg = Debug|Win32
		{A88FC8F5-E8C1-4C52-85A7-A501F159009B}.Debug|x86.Build.0 = Debug|Win32
		{A88FC8F5-E8C1-4C52-85A7-A501F159009B}.Release|x64.ActiveCfg = Release|x64
		{A88FC8F5-E8C1-4C52-85A7-A501F159009B}.Release|x64.Build.0 = Release|x64
		{A88FC8F5-E8C1-4C52-85A7-A501F159009B}.Release|x86.ActiveCfg = Release|Win32
		{A88FC8F5-E8C1-4C52-85A7-A501F159009B}.Release|x86.Build.0 = Release|Win32
	EndGlobalSection
	GlobalSection(SolutionProperties) = preSolution
		HideSolutionNode = FALSE
	EndGlobalSection
	GlobalSection(NestedProjects) = preSolution
		{0BFBD1A8-5638-4B35-BA03-8DB47F921B9B} = {FACBEAE4-6DA0-4740-AA8B-93A16AC50459}
	EndGlobalSection
EndGlobal
